// !$*UTF8*$!
{
	archiveVersion = 1;
	classes = {
	};
	objectVersion = 46;
	objects = {

/* Begin PBXBuildFile section */
		6504E20518C59536003E781C /* Foundation.framework in Frameworks */ = {isa = PBXBuildFile; fileRef = 6504E20418C59536003E781C /* Foundation.framework */; };
		6504E20718C59536003E781C /* CoreGraphics.framework in Frameworks */ = {isa = PBXBuildFile; fileRef = 6504E20618C59536003E781C /* CoreGraphics.framework */; };
		6504E20918C59536003E781C /* UIKit.framework in Frameworks */ = {isa = PBXBuildFile; fileRef = 6504E20818C59536003E781C /* UIKit.framework */; };
		6504E20F18C59536003E781C /* InfoPlist.strings in Resources */ = {isa = PBXBuildFile; fileRef = 6504E20D18C59536003E781C /* InfoPlist.strings */; };
		6504E21118C59536003E781C /* main.m in Sources */ = {isa = PBXBuildFile; fileRef = 6504E21018C59536003E781C /* main.m */; };
		6504E21518C59536003E781C /* XYZAppDelegate.m in Sources */ = {isa = PBXBuildFile; fileRef = 6504E21418C59536003E781C /* XYZAppDelegate.m */; };
		6504E21718C59536003E781C /* Images.xcassets in Resources */ = {isa = PBXBuildFile; fileRef = 6504E21618C59536003E781C /* Images.xcassets */; };
		6504E21E18C59536003E781C /* XCTest.framework in Frameworks */ = {isa = PBXBuildFile; fileRef = 6504E21D18C59536003E781C /* XCTest.framework */; };
		6504E21F18C59536003E781C /* Foundation.framework in Frameworks */ = {isa = PBXBuildFile; fileRef = 6504E20418C59536003E781C /* Foundation.framework */; };
		6504E22018C59536003E781C /* UIKit.framework in Frameworks */ = {isa = PBXBuildFile; fileRef = 6504E20818C59536003E781C /* UIKit.framework */; };
		6504E22818C59536003E781C /* InfoPlist.strings in Resources */ = {isa = PBXBuildFile; fileRef = 6504E22618C59536003E781C /* InfoPlist.strings */; };
		6504E22A18C59536003E781C /* ToDoListTests.m in Sources */ = {isa = PBXBuildFile; fileRef = 6504E22918C59536003E781C /* ToDoListTests.m */; };
		6504E23418C59958003E781C /* Main.storyboard in Resources */ = {isa = PBXBuildFile; fileRef = 6504E23318C59958003E781C /* Main.storyboard */; };
		6504E23718C5D16A003E781C /* XYZAddToDoItemViewController.m in Sources */ = {isa = PBXBuildFile; fileRef = 6504E23618C5D16A003E781C /* XYZAddToDoItemViewController.m */; };
		6504E23A18C5D217003E781C /* XYZToDoListViewController.m in Sources */ = {isa = PBXBuildFile; fileRef = 6504E23918C5D217003E781C /* XYZToDoListViewController.m */; };
		6504E23D18C69570003E781C /* XYZToDoItem.m in Sources */ = {isa = PBXBuildFile; fileRef = 6504E23C18C69570003E781C /* XYZToDoItem.m */; };
/* End PBXBuildFile section */

/* Begin PBXContainerItemProxy section */
		6504E22118C59536003E781C /* PBXContainerItemProxy */ = {
			isa = PBXContainerItemProxy;
			containerPortal = 6504E1F918C59536003E781C /* Project object */;
			proxyType = 1;
			remoteGlobalIDString = 6504E20018C59536003E781C;
			remoteInfo = ToDoList;
		};
/* End PBXContainerItemProxy section */

/* Begin PBXFileReference section */
		6504E20118C59536003E781C /* ToDoList.app */ = {isa = PBXFileReference; explicitFileType = wrapper.application; includeInIndex = 0; path = ToDoList.app; sourceTree = BUILT_PRODUCTS_DIR; };
		6504E20418C59536003E781C /* Foundation.framework */ = {isa = PBXFileReference; lastKnownFileType = wrapper.framework; name = Foundation.framework; path = System/Library/Frameworks/Foundation.framework; sourceTree = SDKROOT; };
		6504E20618C59536003E781C /* CoreGraphics.framework */ = {isa = PBXFileReference; lastKnownFileType = wrapper.framework; name = CoreGraphics.framework; path = System/Library/Frameworks/CoreGraphics.framework; sourceTree = SDKROOT; };
		6504E20818C59536003E781C /* UIKit.framework */ = {isa = PBXFileReference; lastKnownFileType = wrapper.framework; name = UIKit.framework; path = System/Library/Frameworks/UIKit.framework; sourceTree = SDKROOT; };
		6504E20C18C59536003E781C /* ToDoList-Info.plist */ = {isa = PBXFileReference; lastKnownFileType = text.plist.xml; path = "ToDoList-Info.plist"; sourceTree = "<group>"; };
		6504E20E18C59536003E781C /* en */ = {isa = PBXFileReference; lastKnownFileType = text.plist.strings; name = en; path = en.lproj/InfoPlist.strings; sourceTree = "<group>"; };
		6504E21018C59536003E781C /* main.m */ = {isa = PBXFileReference; lastKnownFileType = sourcecode.c.objc; path = main.m; sourceTree = "<group>"; };
		6504E21218C59536003E781C /* ToDoList-Prefix.pch */ = {isa = PBXFileReference; lastKnownFileType = sourcecode.c.h; path = "ToDoList-Prefix.pch"; sourceTree = "<group>"; };
		6504E21318C59536003E781C /* XYZAppDelegate.h */ = {isa = PBXFileReference; lastKnownFileType = sourcecode.c.h; path = XYZAppDelegate.h; sourceTree = "<group>"; };
		6504E21418C59536003E781C /* XYZAppDelegate.m */ = {isa = PBXFileReference; lastKnownFileType = sourcecode.c.objc; path = XYZAppDelegate.m; sourceTree = "<group>"; };
		6504E21618C59536003E781C /* Images.xcassets */ = {isa = PBXFileReference; lastKnownFileType = folder.assetcatalog; path = Images.xcassets; sourceTree = "<group>"; };
		6504E21C18C59536003E781C /* ToDoListTests.xctest */ = {isa = PBXFileReference; explicitFileType = wrapper.cfbundle; includeInIndex = 0; path = ToDoListTests.xctest; sourceTree = BUILT_PRODUCTS_DIR; };
		6504E21D18C59536003E781C /* XCTest.framework */ = {isa = PBXFileReference; lastKnownFileType = wrapper.framework; name = XCTest.framework; path = Library/Frameworks/XCTest.framework; sourceTree = DEVELOPER_DIR; };
		6504E22518C59536003E781C /* ToDoListTests-Info.plist */ = {isa = PBXFileReference; lastKnownFileType = text.plist.xml; path = "ToDoListTests-Info.plist"; sourceTree = "<group>"; };
		6504E22718C59536003E781C /* en */ = {isa = PBXFileReference; lastKnownFileType = text.plist.strings; name = en; path = en.lproj/InfoPlist.strings; sourceTree = "<group>"; };
		6504E22918C59536003E781C /* ToDoListTests.m */ = {isa = PBXFileReference; lastKnownFileType = sourcecode.c.objc; path = ToDoListTests.m; sourceTree = "<group>"; };
		6504E23318C59958003E781C /* Main.storyboard */ = {isa = PBXFileReference; fileEncoding = 4; lastKnownFileType = file.storyboard; path = Main.storyboard; sourceTree = "<group>"; };
		6504E23518C5D16A003E781C /* XYZAddToDoItemViewController.h */ = {isa = PBXFileReference; fileEncoding = 4; lastKnownFileType = sourcecode.c.h; path = XYZAddToDoItemViewController.h; sourceTree = "<group>"; };
		6504E23618C5D16A003E781C /* XYZAddToDoItemViewController.m */ = {isa = PBXFileReference; fileEncoding = 4; lastKnownFileType = sourcecode.c.objc; path = XYZAddToDoItemViewController.m; sourceTree = "<group>"; };
		6504E23818C5D217003E781C /* XYZToDoListViewController.h */ = {isa = PBXFileReference; fileEncoding = 4; lastKnownFileType = sourcecode.c.h; name = XYZToDoListViewController.h; path = ToDoList/XYZToDoListViewController.h; sourceTree = "<group>"; };
		6504E23918C5D217003E781C /* XYZToDoListViewController.m */ = {isa = PBXFileReference; fileEncoding = 4; lastKnownFileType = sourcecode.c.objc; name = XYZToDoListViewController.m; path = ToDoList/XYZToDoListViewController.m; sourceTree = "<group>"; };
		6504E23B18C69570003E781C /* XYZToDoItem.h */ = {isa = PBXFileReference; fileEncoding = 4; lastKnownFileType = sourcecode.c.h; path = XYZToDoItem.h; sourceTree = "<group>"; };
		6504E23C18C69570003E781C /* XYZToDoItem.m */ = {isa = PBXFileReference; fileEncoding = 4; lastKnownFileType = sourcecode.c.objc; path = XYZToDoItem.m; sourceTree = "<group>"; };
/* End PBXFileReference section */

/* Begin PBXFrameworksBuildPhase section */
		6504E1FE18C59536003E781C /* Frameworks */ = {
			isa = PBXFrameworksBuildPhase;
			buildActionMask = 2147483647;
			files = (
				6504E20718C59536003E781C /* CoreGraphics.framework in Frameworks */,
				6504E20918C59536003E781C /* UIKit.framework in Frameworks */,
				6504E20518C59536003E781C /* Foundation.framework in Frameworks */,
			);
			runOnlyForDeploymentPostprocessing = 0;
		};
		6504E21918C59536003E781C /* Frameworks */ = {
			isa = PBXFrameworksBuildPhase;
			buildActionMask = 2147483647;
			files = (
				6504E21E18C59536003E781C /* XCTest.framework in Frameworks */,
				6504E22018C59536003E781C /* UIKit.framework in Frameworks */,
				6504E21F18C59536003E781C /* Foundation.framework in Frameworks */,
			);
			runOnlyForDeploymentPostprocessing = 0;
		};
/* End PBXFrameworksBuildPhase section */

/* Begin PBXGroup section */
		6504E1F818C59536003E781C = {
			isa = PBXGroup;
			children = (
				6504E23B18C69570003E781C /* XYZToDoItem.h */,
				6504E23C18C69570003E781C /* XYZToDoItem.m */,
				6504E23818C5D217003E781C /* XYZToDoListViewController.h */,
				6504E23918C5D217003E781C /* XYZToDoListViewController.m */,
				6504E23518C5D16A003E781C /* XYZAddToDoItemViewController.h */,
				6504E23618C5D16A003E781C /* XYZAddToDoItemViewController.m */,
				6504E20A18C59536003E781C /* ToDoList */,
				6504E22318C59536003E781C /* ToDoListTests */,
				6504E20318C59536003E781C /* Frameworks */,
				6504E20218C59536003E781C /* Products */,
			);
			sourceTree = "<group>";
		};
		6504E20218C59536003E781C /* Products */ = {
			isa = PBXGroup;
			children = (
				6504E20118C59536003E781C /* ToDoList.app */,
				6504E21C18C59536003E781C /* ToDoListTests.xctest */,
			);
			name = Products;
			sourceTree = "<group>";
		};
		6504E20318C59536003E781C /* Frameworks */ = {
			isa = PBXGroup;
			children = (
				6504E20418C59536003E781C /* Foundation.framework */,
				6504E20618C59536003E781C /* CoreGraphics.framework */,
				6504E20818C59536003E781C /* UIKit.framework */,
				6504E21D18C59536003E781C /* XCTest.framework */,
			);
			name = Frameworks;
			sourceTree = "<group>";
		};
		6504E20A18C59536003E781C /* ToDoList */ = {
			isa = PBXGroup;
			children = (
				6504E21318C59536003E781C /* XYZAppDelegate.h */,
				6504E21418C59536003E781C /* XYZAppDelegate.m */,
				6504E23318C59958003E781C /* Main.storyboard */,
				6504E21618C59536003E781C /* Images.xcassets */,
				6504E20B18C59536003E781C /* Supporting Files */,
			);
			path = ToDoList;
			sourceTree = "<group>";
		};
		6504E20B18C59536003E781C /* Supporting Files */ = {
			isa = PBXGroup;
			children = (
				6504E20C18C59536003E781C /* ToDoList-Info.plist */,
				6504E20D18C59536003E781C /* InfoPlist.strings */,
				6504E21018C59536003E781C /* main.m */,
				6504E21218C59536003E781C /* ToDoList-Prefix.pch */,
			);
			name = "Supporting Files";
			sourceTree = "<group>";
		};
		6504E22318C59536003E781C /* ToDoListTests */ = {
			isa = PBXGroup;
			children = (
				6504E22918C59536003E781C /* ToDoListTests.m */,
				6504E22418C59536003E781C /* Supporting Files */,
			);
			path = ToDoListTests;
			sourceTree = "<group>";
		};
		6504E22418C59536003E781C /* Supporting Files */ = {
			isa = PBXGroup;
			children = (
				6504E22518C59536003E781C /* ToDoListTests-Info.plist */,
				6504E22618C59536003E781C /* InfoPlist.strings */,
			);
			name = "Supporting Files";
			sourceTree = "<group>";
		};
/* End PBXGroup section */

/* Begin PBXNativeTarget section */
		6504E20018C59536003E781C /* ToDoList */ = {
			isa = PBXNativeTarget;
			buildConfigurationList = 6504E22D18C59536003E781C /* Build configuration list for PBXNativeTarget "ToDoList" */;
			buildPhases = (
				6504E1FD18C59536003E781C /* Sources */,
				6504E1FE18C59536003E781C /* Frameworks */,
				6504E1FF18C59536003E781C /* Resources */,
			);
			buildRules = (
			);
			dependencies = (
			);
			name = ToDoList;
			productName = ToDoList;
			productReference = 6504E20118C59536003E781C /* ToDoList.app */;
			productType = "com.apple.product-type.application";
		};
		6504E21B18C59536003E781C /* ToDoListTests */ = {
			isa = PBXNativeTarget;
			buildConfigurationList = 6504E23018C59536003E781C /* Build configuration list for PBXNativeTarget "ToDoListTests" */;
			buildPhases = (
				6504E21818C59536003E781C /* Sources */,
				6504E21918C59536003E781C /* Frameworks */,
				6504E21A18C59536003E781C /* Resources */,
			);
			buildRules = (
			);
			dependencies = (
				6504E22218C59536003E781C /* PBXTargetDependency */,
			);
			name = ToDoListTests;
			productName = ToDoListTests;
			productReference = 6504E21C18C59536003E781C /* ToDoListTests.xctest */;
			productType = "com.apple.product-type.bundle.unit-test";
		};
/* End PBXNativeTarget section */

/* Begin PBXProject section */
		6504E1F918C59536003E781C /* Project object */ = {
			isa = PBXProject;
			attributes = {
				CLASSPREFIX = XYZ;
				LastUpgradeCheck = 0500;
				ORGANIZATIONNAME = "andre trosky";
				TargetAttributes = {
					6504E20018C59536003E781C = {
						DevelopmentTeam = 2S55BPX8GX;
					};
					6504E21B18C59536003E781C = {
						TestTargetID = 6504E20018C59536003E781C;
					};
				};
			};
			buildConfigurationList = 6504E1FC18C59536003E781C /* Build configuration list for PBXProject "ToDoList" */;
			compatibilityVersion = "Xcode 3.2";
			developmentRegion = English;
			hasScannedForEncodings = 0;
			knownRegions = (
				en,
			);
			mainGroup = 6504E1F818C59536003E781C;
			productRefGroup = 6504E20218C59536003E781C /* Products */;
			projectDirPath = "";
			projectRoot = "";
			targets = (
				6504E20018C59536003E781C /* ToDoList */,
				6504E21B18C59536003E781C /* ToDoListTests */,
			);
		};
/* End PBXProject section */

/* Begin PBXResourcesBuildPhase section */
		6504E1FF18C59536003E781C /* Resources */ = {
			isa = PBXResourcesBuildPhase;
			buildActionMask = 2147483647;
			files = (
				6504E23418C59958003E781C /* Main.storyboard in Resources */,
				6504E20F18C59536003E781C /* InfoPlist.strings in Resources */,
				6504E21718C59536003E781C /* Images.xcassets in Resources */,
			);
			runOnlyForDeploymentPostprocessing = 0;
		};
		6504E21A18C59536003E781C /* Resources */ = {
			isa = PBXResourcesBuildPhase;
			buildActionMask = 2147483647;
			files = (
				6504E22818C59536003E781C /* InfoPlist.strings in Resources */,
			);
			runOnlyForDeploymentPostprocessing = 0;
		};
/* End PBXResourcesBuildPhase section */

/* Begin PBXSourcesBuildPhase section */
		6504E1FD18C59536003E781C /* Sources */ = {
			isa = PBXSourcesBuildPhase;
			buildActionMask = 2147483647;
			files = (
				6504E21518C59536003E781C /* XYZAppDelegate.m in Sources */,
				6504E23D18C69570003E781C /* XYZToDoItem.m in Sources */,
				6504E21118C59536003E781C /* main.m in Sources */,
				6504E23A18C5D217003E781C /* XYZToDoListViewController.m in Sources */,
				6504E23718C5D16A003E781C /* XYZAddToDoItemViewController.m in Sources */,
			);
			runOnlyForDeploymentPostprocessing = 0;
		};
		6504E21818C59536003E781C /* Sources */ = {
			isa = PBXSourcesBuildPhase;
			buildActionMask = 2147483647;
			files = (
				6504E22A18C59536003E781C /* ToDoListTests.m in Sources */,
			);
			runOnlyForDeploymentPostprocessing = 0;
		};
/* End PBXSourcesBuildPhase section */

/* Begin PBXTargetDependency section */
		6504E22218C59536003E781C /* PBXTargetDependency */ = {
			isa = PBXTargetDependency;
			target = 6504E20018C59536003E781C /* ToDoList */;
			targetProxy = 6504E22118C59536003E781C /* PBXContainerItemProxy */;
		};
/* End PBXTargetDependency section */

/* Begin PBXVariantGroup section */
		6504E20D18C59536003E781C /* InfoPlist.strings */ = {
			isa = PBXVariantGroup;
			children = (
				6504E20E18C59536003E781C /* en */,
			);
			name = InfoPlist.strings;
			sourceTree = "<group>";
		};
		6504E22618C59536003E781C /* InfoPlist.strings */ = {
			isa = PBXVariantGroup;
			children = (
				6504E22718C59536003E781C /* en */,
			);
			name = InfoPlist.strings;
			sourceTree = "<group>";
		};
/* End PBXVariantGroup section */

/* Begin XCBuildConfiguration section */
		6504E22B18C59536003E781C /* Debug */ = {
			isa = XCBuildConfiguration;
			buildSettings = {
				ALWAYS_SEARCH_USER_PATHS = NO;
				ARCHS = "$(ARCHS_STANDARD_INCLUDING_64_BIT)";
				CLANG_CXX_LANGUAGE_STANDARD = "gnu++0x";
				CLANG_CXX_LIBRARY = "libc++";
				CLANG_ENABLE_MODULES = YES;
				CLANG_ENABLE_OBJC_ARC = YES;
				CLANG_WARN_BOOL_CONVERSION = YES;
				CLANG_WARN_CONSTANT_CONVERSION = YES;
				CLANG_WARN_DIRECT_OBJC_ISA_USAGE = YES_ERROR;
				CLANG_WARN_EMPTY_BODY = YES;
				CLANG_WARN_ENUM_CONVERSION = YES;
				CLANG_WARN_INT_CONVERSION = YES;
				CLANG_WARN_OBJC_ROOT_CLASS = YES_ERROR;
				CLANG_WARN__DUPLICATE_METHOD_MATCH = YES;
				"CODE_SIGN_IDENTITY[sdk=iphoneos*]" = "iPhone Developer";
				COPY_PHASE_STRIP = NO;
				GCC_C_LANGUAGE_STANDARD = gnu99;
				GCC_DYNAMIC_NO_PIC = NO;
				GCC_OPTIMIZATION_LEVEL = 0;
				GCC_PREPROCESSOR_DEFINITIONS = (
					"DEBUG=1",
					"$(inherited)",
				);
				GCC_SYMBOLS_PRIVATE_EXTERN = NO;
				GCC_WARN_64_TO_32_BIT_CONVERSION = YES;
				GCC_WARN_ABOUT_RETURN_TYPE = YES_ERROR;
				GCC_WARN_UNDECLARED_SELECTOR = YES;
				GCC_WARN_UNINITIALIZED_AUTOS = YES;
				GCC_WARN_UNUSED_FUNCTION = YES;
				GCC_WARN_UNUSED_VARIABLE = YES;
				IPHONEOS_DEPLOYMENT_TARGET = 7.0;
				ONLY_ACTIVE_ARCH = YES;
				SDKROOT = iphoneos;
			};
			name = Debug;
		};
		6504E22C18C59536003E781C /* Release */ = {
			isa = XCBuildConfiguration;
			buildSettings = {
				ALWAYS_SEARCH_USER_PATHS = NO;
				ARCHS = "$(ARCHS_STANDARD_INCLUDING_64_BIT)";
				CLANG_CXX_LANGUAGE_STANDARD = "gnu++0x";
				CLANG_CXX_LIBRARY = "libc++";
				CLANG_ENABLE_MODULES = YES;
				CLANG_ENABLE_OBJC_ARC = YES;
				CLANG_WARN_BOOL_CONVERSION = YES;
				CLANG_WARN_CONSTANT_CONVERSION = YES;
				CLANG_WARN_DIRECT_OBJC_ISA_USAGE = YES_ERROR;
				CLANG_WARN_EMPTY_BODY = YES;
				CLANG_WARN_ENUM_CONVERSION = YES;
				CLANG_WARN_INT_CONVERSION = YES;
				CLANG_WARN_OBJC_ROOT_CLASS = YES_ERROR;
				CLANG_WARN__DUPLICATE_METHOD_MATCH = YES;
				"CODE_SIGN_IDENTITY[sdk=iphoneos*]" = "iPhone Developer";
				COPY_PHASE_STRIP = YES;
				ENABLE_NS_ASSERTIONS = NO;
				GCC_C_LANGUAGE_STANDARD = gnu99;
				GCC_WARN_64_TO_32_BIT_CONVERSION = YES;
				GCC_WARN_ABOUT_RETURN_TYPE = YES_ERROR;
				GCC_WARN_UNDECLARED_SELECTOR = YES;
				GCC_WARN_UNINITIALIZED_AUTOS = YES;
				GCC_WARN_UNUSED_FUNCTION = YES;
				GCC_WARN_UNUSED_VARIABLE = YES;
				IPHONEOS_DEPLOYMENT_TARGET = 7.0;
				SDKROOT = iphoneos;
				VALIDATE_PRODUCT = YES;
			};
			name = Release;
		};
		6504E22E18C59536003E781C /* Debug */ = {
			isa = XCBuildConfiguration;
			buildSettings = {
				ASSETCATALOG_COMPILER_APPICON_NAME = AppIcon;
				ASSETCATALOG_COMPILER_LAUNCHIMAGE_NAME = LaunchImage;
				CODE_SIGN_IDENTITY = "iPhone Developer";
				"CODE_SIGN_IDENTITY[sdk=iphoneos*]" = "iPhone Developer";
				GCC_PRECOMPILE_PREFIX_HEADER = YES;
				GCC_PREFIX_HEADER = "ToDoList/ToDoList-Prefix.pch";
				INFOPLIST_FILE = "ToDoList/ToDoList-Info.plist";
				PRODUCT_NAME = "$(TARGET_NAME)";
				PROVISIONING_PROFILE = "";
				WRAPPER_EXTENSION = app;
			};
			name = Debug;
		};
		6504E22F18C59536003E781C /* Release */ = {
			isa = XCBuildConfiguration;
			buildSettings = {
				ASSETCATALOG_COMPILER_APPICON_NAME = AppIcon;
				ASSETCATALOG_COMPILER_LAUNCHIMAGE_NAME = LaunchImage;
				CODE_SIGN_IDENTITY = "iPhone Developer";
				"CODE_SIGN_IDENTITY[sdk=iphoneos*]" = "iPhone Developer";
				GCC_PRECOMPILE_PREFIX_HEADER = YES;
				GCC_PREFIX_HEADER = "ToDoList/ToDoList-Prefix.pch";
				INFOPLIST_FILE = "ToDoList/ToDoList-Info.plist";
				PRODUCT_NAME = "$(TARGET_NAME)";
				PROVISIONING_PROFILE = "";
				WRAPPER_EXTENSION = app;
			};
			name = Release;
		};
		6504E23118C59536003E781C /* Debug */ = {
			isa = XCBuildConfiguration;
			buildSettings = {
				ARCHS = "$(ARCHS_STANDARD_INCLUDING_64_BIT)";
				BUNDLE_LOADER = "$(BUILT_PRODUCTS_DIR)/ToDoList.app/ToDoList";
				FRAMEWORK_SEARCH_PATHS = (
					"$(SDKROOT)/Developer/Library/Frameworks",
					"$(inherited)",
					"$(DEVELOPER_FRAMEWORKS_DIR)",
				);
				GCC_PRECOMPILE_PREFIX_HEADER = YES;
				GCC_PREFIX_HEADER = "ToDoList/ToDoList-Prefix.pch";
				GCC_PREPROCESSOR_DEFINITIONS = (
					"DEBUG=1",
					"$(inherited)",
				);
				INFOPLIST_FILE = "ToDoListTests/ToDoListTests-Info.plist";
				PRODUCT_NAME = "$(TARGET_NAME)";
				TEST_HOST = "$(BUNDLE_LOADER)";
				WRAPPER_EXTENSION = xctest;
			};
			name = Debug;
		};
		6504E23218C59536003E781C /* Release */ = {
			isa = XCBuildConfiguration;
			buildSettings = {
				ARCHS = "$(ARCHS_STANDARD_INCLUDING_64_BIT)";
				BUNDLE_LOADER = "$(BUILT_PRODUCTS_DIR)/ToDoList.app/ToDoList";
				FRAMEWORK_SEARCH_PATHS = (
					"$(SDKROOT)/Developer/Library/Frameworks",
					"$(inherited)",
					"$(DEVELOPER_FRAMEWORKS_DIR)",
				);
				GCC_PRECOMPILE_PREFIX_HEADER = YES;
				GCC_PREFIX_HEADER = "ToDoList/ToDoList-Prefix.pch";
				INFOPLIST_FILE = "ToDoListTests/ToDoListTests-Info.plist";
				PRODUCT_NAME = "$(TARGET_NAME)";
				TEST_HOST = "$(BUNDLE_LOADER)";
				WRAPPER_EXTENSION = xctest;
			};
			name = Release;
		};
/* End XCBuildConfiguration section */

/* Begin XCConfigurationList section */
		6504E1FC18C59536003E781C /* Build configuration list for PBXProject "ToDoList" */ = {
			isa = XCConfigurationList;
			buildConfigurations = (
				6504E22B18C59536003E781C /* Debug */,
				6504E22C18C59536003E781C /* Release */,
			);
			defaultConfigurationIsVisible = 0;
			defaultConfigurationName = Release;
		};
		6504E22D18C59536003E781C /* Build configuration list for PBXNativeTarget "ToDoList" */ = {
			isa = XCConfigurationList;
			buildConfigurations = (
				6504E22E18C59536003E781C /* Debug */,
				6504E22F18C59536003E781C /* Release */,
			);
			defaultConfigurationIsVisible = 0;
		};
		6504E23018C59536003E781C /* Build configuration list for PBXNativeTarget "ToDoListTests" */ = {
			isa = XCConfigurationList;
			buildConfigurations = (
				6504E23118C59536003E781C /* Debug */,
				6504E23218C59536003E781C /* Release */,
			);
			defaultConfigurationIsVisible = 0;
		};
/* End XCConfigurationList section */
	};
	rootObject = 6504E1F918C59536003E781C /* Project object */;
}
